
Microsoft Visual Studio Solution File, Format Version 12.00
# Visual Studio Version 17
VisualStudioVersion = 17.1.32210.238
MinimumVisualStudioVersion = 10.0.40219.1
Project("{FAE04EC0-301F-11D3-BF4B-00C04F79EFBC}") = "MenuDeTodo", "MenuDeTodo\MenuDeTodo.csproj", "{F1F315D6-D355-4261-A4B1-B31F8EE8FDDA}"
EndProject
Project("{FAE04EC0-301F-11D3-BF4B-00C04F79EFBC}") = "PRACTICA 4", "..\Windows form para el proyecto final\Tabla\PRACTICA 4\PRACTICA 4\PRACTICA 4.csproj", "{DFAD69A2-31A1-444C-AF67-3FC4D1013C0B}"
EndProject
Project("{FAE04EC0-301F-11D3-BF4B-00C04F79EFBC}") = "PRACTICA 3", "..\Windows form para el proyecto final\Grafica\PRACTICA 3\PRACTICA 3\PRACTICA 3.csproj", "{9136C558-59A2-4BA5-86AE-A9E64DE8E9F7}"
EndProject
Project("{FAE04EC0-301F-11D3-BF4B-00C04F79EFBC}") = "WF2", "..\Windows form para el proyecto final\Menu de compras\WF2\WF2.csproj", "{47FB1377-01DF-4F10-9682-2474E0D69F25}"
EndProject
Project("{FAE04EC0-301F-11D3-BF4B-00C04F79EFBC}") = "WF1", "..\Inicio\WF1\WF1.csproj", "{F85B7FAD-80BE-4501-88FF-9F6DC893FC0E}"
EndProject
Global
	GlobalSection(SolutionConfigurationPlatforms) = preSolution
		Debug|Any CPU = Debug|Any CPU
		Release|Any CPU = Release|Any CPU
	EndGlobalSection
	GlobalSection(ProjectConfigurationPlatforms) = postSolution
		{F1F315D6-D355-4261-A4B1-B31F8EE8FDDA}.Debug|Any CPU.ActiveCfg = Debug|Any CPU
		{F1F315D6-D355-4261-A4B1-B31F8EE8FDDA}.Debug|Any CPU.Build.0 = Debug|Any CPU
		{F1F315D6-D355-4261-A4B1-B31F8EE8FDDA}.Release|Any CPU.ActiveCfg = Release|Any CPU
		{F1F315D6-D355-4261-A4B1-B31F8EE8FDDA}.Release|Any CPU.Build.0 = Release|Any CPU
		{DFAD69A2-31A1-444C-AF67-3FC4D1013C0B}.Debug|Any CPU.ActiveCfg = Debug|Any CPU
		{DFAD69A2-31A1-444C-AF67-3FC4D1013C0B}.Debug|Any CPU.Build.0 = Debug|Any CPU
		{DFAD69A2-31A1-444C-AF67-3FC4D1013C0B}.Release|Any CPU.ActiveCfg = Release|Any CPU
		{DFAD69A2-31A1-444C-AF67-3FC4D1013C0B}.Release|Any CPU.Build.0 = Release|Any CPU
		{9136C558-59A2-4BA5-86AE-A9E64DE8E9F7}.Debug|Any CPU.ActiveCfg = Debug|Any CPU
		{9136C558-59A2-4BA5-86AE-A9E64DE8E9F7}.Debug|Any CPU.Build.0 = Debug|Any CPU
		{9136C558-59A2-4BA5-86AE-A9E64DE8E9F7}.Release|Any CPU.ActiveCfg = Release|Any CPU
		{9136C558-59A2-4BA5-86AE-A9E64DE8E9F7}.Release|Any CPU.Build.0 = Release|Any CPU
		{47FB1377-01DF-4F10-9682-2474E0D69F25}.Debug|Any CPU.ActiveCfg = Debug|Any CPU
		{47FB1377-01DF-4F10-9682-2474E0D69F25}.Debug|Any CPU.Build.0 = Debug|Any CPU
		{47FB1377-01DF-4F10-9682-2474E0D69F25}.Release|Any CPU.ActiveCfg = Release|Any CPU
		{47FB1377-01DF-4F10-9682-2474E0D69F25}.Release|Any CPU.Build.0 = Release|Any CPU
		{F85B7FAD-80BE-4501-88FF-9F6DC893FC0E}.Debug|Any CPU.ActiveCfg = Debug|Any CPU
		{F85B7FAD-80BE-4501-88FF-9F6DC893FC0E}.Debug|Any CPU.Build.0 = Debug|Any CPU
		{F85B7FAD-80BE-4501-88FF-9F6DC893FC0E}.Release|Any CPU.ActiveCfg = Release|Any CPU
		{F85B7FAD-80BE-4501-88FF-9F6DC893FC0E}.Release|Any CPU.Build.0 = Release|Any CPU
	EndGlobalSection
	GlobalSection(SolutionProperties) = preSolution
		HideSolutionNode = FALSE
	EndGlobalSection
	GlobalSection(ExtensibilityGlobals) = postSolution
		SolutionGuid = {63E49651-0F58-459B-870E-655DA2BFA920}
	EndGlobalSection
EndGlobal
